// !$*UTF8*$!
{
	archiveVersion = 1;
	classes = {
	};
	objectVersion = 46;
	objects = {

/* Begin PBXBuildFile section */
		46093E381D708B4400850D37 /* AppDelegate.swift in Sources */ = {isa = PBXBuildFile; fileRef = 46093E371D708B4400850D37 /* AppDelegate.swift */; };
		46093E3A1D708B4400850D37 /* ViewController.swift in Sources */ = {isa = PBXBuildFile; fileRef = 46093E391D708B4400850D37 /* ViewController.swift */; };
		46093E3F1D708B4400850D37 /* Assets.xcassets in Resources */ = {isa = PBXBuildFile; fileRef = 46093E3E1D708B4400850D37 /* Assets.xcassets */; };
		46093E421D708B4400850D37 /* LaunchScreen.storyboard in Resources */ = {isa = PBXBuildFile; fileRef = 46093E401D708B4400850D37 /* LaunchScreen.storyboard */; };
		46093E4A1D708C9B00850D37 /* MarqueeView.swift in Sources */ = {isa = PBXBuildFile; fileRef = 46093E491D708C9B00850D37 /* MarqueeView.swift */; };
/* End PBXBuildFile section */

/* Begin PBXFileReference section */
		46093E341D708B4400850D37 /* Marquee.app */ = {isa = PBXFileReference; explicitFileType = wrapper.application; includeInIndex = 0; path = Marquee.app; sourceTree = BUILT_PRODUCTS_DIR; };
		46093E371D708B4400850D37 /* AppDelegate.swift */ = {isa = PBXFileReference; lastKnownFileType = sourcecode.swift; path = AppDelegate.swift; sourceTree = "<group>"; };
		46093E391D708B4400850D37 /* ViewController.swift */ = {isa = PBXFileReference; lastKnownFileType = sourcecode.swift; path = ViewController.swift; sourceTree = "<group>"; };
		46093E3E1D708B4400850D37 /* Assets.xcassets */ = {isa = PBXFileReference; lastKnownFileType = folder.assetcatalog; path = Assets.xcassets; sourceTree = "<group>"; };
		46093E411D708B4400850D37 /* Base */ = {isa = PBXFileReference; lastKnownFileType = file.storyboard; name = Base; path = Base.lproj/LaunchScreen.storyboard; sourceTree = "<group>"; };
		46093E431D708B4400850D37 /* Info.plist */ = {isa = PBXFileReference; lastKnownFileType = text.plist.xml; path = Info.plist; sourceTree = "<group>"; };
		46093E491D708C9B00850D37 /* MarqueeView.swift */ = {isa = PBXFileReference; fileEncoding = 4; lastKnownFileType = sourcecode.swift; path = MarqueeView.swift; sourceTree = "<group>"; };
/* End PBXFileReference section */

/* Begin PBXFrameworksBuildPhase section */
		46093E311D708B4400850D37 /* Frameworks */ = {
			isa = PBXFrameworksBuildPhase;
			buildActionMask = 2147483647;
			files = (
			);
			runOnlyForDeploymentPostprocessing = 0;
		};
/* End PBXFrameworksBuildPhase section */

/* Begin PBXGroup section */
		46093E2B1D708B4400850D37 = {
			isa = PBXGroup;
			children = (
				46093E491D708C9B00850D37 /* MarqueeView.swift */,
				46093E361D708B4400850D37 /* Marquee */,
				46093E351D708B4400850D37 /* Products */,
			);
			sourceTree = "<group>";
		};
		46093E351D708B4400850D37 /* Products */ = {
			isa = PBXGroup;
			children = (
				46093E341D708B4400850D37 /* Marquee.app */,
			);
			name = Products;
			sourceTree = "<group>";
		};
		46093E361D708B4400850D37 /* Marquee */ = {
			isa = PBXGroup;
			children = (
				46093E371D708B4400850D37 /* AppDelegate.swift */,
				46093E391D708B4400850D37 /* ViewController.swift */,
				46093E3E1D708B4400850D37 /* Assets.xcassets */,
				46093E401D708B4400850D37 /* LaunchScreen.storyboard */,
				46093E431D708B4400850D37 /* Info.plist */,
			);
			path = Marquee;
			sourceTree = "<group>";
		};
/* End PBXGroup section */

/* Begin PBXNativeTarget section */
		46093E331D708B4400850D37 /* Marquee */ = {
			isa = PBXNativeTarget;
			buildConfigurationList = 46093E461D708B4400850D37 /* Build configuration list for PBXNativeTarget "Marquee" */;
			buildPhases = (
				46093E301D708B4400850D37 /* Sources */,
				46093E311D708B4400850D37 /* Frameworks */,
				46093E321D708B4400850D37 /* Resources */,
			);
			buildRules = (
			);
			dependencies = (
			);
			name = Marquee;
			productName = Marquee;
			productReference = 46093E341D708B4400850D37 /* Marquee.app */;
			productType = "com.apple.product-type.application";
		};
/* End PBXNativeTarget section */

/* Begin PBXProject section */
		46093E2C1D708B4400850D37 /* Project object */ = {
			isa = PBXProject;
			attributes = {
				LastSwiftUpdateCheck = 0730;
				LastUpgradeCheck = 0730;
				ORGANIZATIONNAME = "高翔";
				TargetAttributes = {
					46093E331D708B4400850D37 = {
						CreatedOnToolsVersion = 7.3.1;
					};
				};
			};
			buildConfigurationList = 46093E2F1D708B4400850D37 /* Build configuration list for PBXProject "Marquee" */;
			compatibilityVersion = "Xcode 3.2";
			developmentRegion = English;
			hasScannedForEncodings = 0;
			knownRegions = (
				en,
				Base,
			);
			mainGroup = 46093E2B1D708B4400850D37;
			productRefGroup = 46093E351D708B4400850D37 /* Products */;
			projectDirPath = "";
			projectRoot = "";
			targets = (
				46093E331D708B4400850D37 /* Marquee */,
			);
		};
/* End PBXProject section */

/* Begin PBXResourcesBuildPhase section */
		46093E321D708B4400850D37 /* Resources */ = {
			isa = PBXResourcesBuildPhase;
			buildActionMask = 2147483647;
			files = (
				46093E421D708B4400850D37 /* LaunchScreen.storyboard in Resources */,
				46093E3F1D708B4400850D37 /* Assets.xcassets in Resources */,
			);
			runOnlyForDeploymentPostprocessing = 0;
		};
/* End PBXResourcesBuildPhase section */

/* Begin PBXSourcesBuildPhase section */
		46093E301D708B4400850D37 /* Sources */ = {
			isa = PBXSourcesBuildPhase;
			buildActionMask = 2147483647;
			files = (
				46093E3A1D708B4400850D37 /* ViewController.swift in Sources */,
				46093E381D708B4400850D37 /* AppDelegate.swift in Sources */,
				46093E4A1D708C9B00850D37 /* MarqueeView.swift in Sources */,
			);
			runOnlyForDeploymentPostprocessing = 0;
		};
/* End PBXSourcesBuildPhase section */

/* Begin PBXVariantGroup section */
		46093E401D708B4400850D37 /* LaunchScreen.storyboard */ = {
			isa = PBXVariantGroup;
			children = (
				46093E411D708B4400850D37 /* Base */,
			);
			name = LaunchScreen.storyboard;
			sourceTree = "<group>";
		};
/* End PBXVariantGroup section */

/* Begin XCBuildConfiguration section */
		46093E441D708B4400850D37 /* Debug */ = {
			isa = XCBuildConfiguration;
			buildSettings = {
				ALWAYS_SEARCH_USER_PATHS = NO;
				CLANG_ANALYZER_NONNULL = YES;
				CLANG_CXX_LANGUAGE_STANDARD = "gnu++0x";
				CLANG_CXX_LIBRARY = "libc++";
				CLANG_ENABLE_MODULES = YES;
				CLANG_ENABLE_OBJC_ARC = YES;
				CLANG_WARN_BOOL_CONVERSION = YES;
				CLANG_WARN_CONSTANT_CONVERSION = YES;
				CLANG_WARN_DIRECT_OBJC_ISA_USAGE = YES_ERROR;
				CLANG_WARN_EMPTY_BODY = YES;
				CLANG_WARN_ENUM_CONVERSION = YES;
				CLANG_WARN_INT_CONVERSION = YES;
				CLANG_WARN_OBJC_ROOT_CLASS = YES_ERROR;
				CLANG_WARN_UNREACHABLE_CODE = YES;
				CLANG_WARN__DUPLICATE_METHOD_MATCH = YES;
				"CODE_SIGN_IDENTITY[sdk=iphoneos*]" = "iPhone Developer";
				COPY_PHASE_STRIP = NO;
				DEBUG_INFORMATION_FORMAT = dwarf;
				ENABLE_STRICT_OBJC_MSGSEND = YES;
				ENABLE_TESTABILITY = YES;
				GCC_C_LANGUAGE_STANDARD = gnu99;
				GCC_DYNAMIC_NO_PIC = NO;
				GCC_NO_COMMON_BLOCKS = YES;
				GCC_OPTIMIZATION_LEVEL = 0;
				GCC_PREPROCESSOR_DEFINITIONS = (
					"DEBUG=1",
					"$(inherited)",
				);
				GCC_WARN_64_TO_32_BIT_CONVERSION = YES;
				GCC_WARN_ABOUT_RETURN_TYPE = YES_ERROR;
				GCC_WARN_UNDECLARED_SELECTOR = YES;
				GCC_WARN_UNINITIALIZED_AUTOS = YES_AGGRESSIVE;
				GCC_WARN_UNUSED_FUNCTION = YES;
				GCC_WARN_UNUSED_VARIABLE = YES;
				IPHONEOS_DEPLOYMENT_TARGET = 9.3;
				MTL_ENABLE_DEBUG_INFO = YES;
				ONLY_ACTIVE_ARCH = YES;
				SDKROOT = iphoneos;
				SWIFT_OPTIMIZATION_LEVEL = "-Onone";
			};
			name = Debug;
		};
		46093E451D708B4400850D37 /* Release */ = {
			isa = XCBuildConfiguration;
			buildSettings = {
				ALWAYS_SEARCH_USER_PATHS = NO;
				CLANG_ANALYZER_NONNULL = YES;
				CLANG_CXX_LANGUAGE_STANDARD = "gnu++0x";
				CLANG_CXX_LIBRARY = "libc++";
				CLANG_ENABLE_MODULES = YES;
				CLANG_ENABLE_OBJC_ARC = YES;
				CLANG_WARN_BOOL_CONVERSION = YES;
				CLANG_WARN_CONSTANT_CONVERSION = YES;
				CLANG_WARN_DIRECT_OBJC_ISA_USAGE = YES_ERROR;
				CLANG_WARN_EMPTY_BODY = YES;
				CLANG_WARN_ENUM_CONVERSION = YES;
				CLANG_WARN_INT_CONVERSION = YES;
				CLANG_WARN_OBJC_ROOT_CLASS = YES_ERROR;
				CLANG_WARN_UNREACHABLE_CODE = YES;
				CLANG_WARN__DUPLICATE_METHOD_MATCH = YES;
				"CODE_SIGN_IDENTITY[sdk=iphoneos*]" = "iPhone Developer";
				COPY_PHASE_STRIP = NO;
				DEBUG_INFORMATION_FORMAT = "dwarf-with-dsym";
				ENABLE_NS_ASSERTIONS = NO;
				ENABLE_STRICT_OBJC_MSGSEND = YES;
				GCC_C_LANGUAGE_STANDARD = gnu99;
				GCC_NO_COMMON_BLOCKS = YES;
				GCC_WARN_64_TO_32_BIT_CONVERSION = YES;
				GCC_WARN_ABOUT_RETURN_TYPE = YES_ERROR;
				GCC_WARN_UNDECLARED_SELECTOR = YES;
				GCC_WARN_UNINITIALIZED_AUTOS = YES_AGGRESSIVE;
				GCC_WARN_UNUSED_FUNCTION = YES;
				GCC_WARN_UNUSED_VARIABLE = YES;
				IPHONEOS_DEPLOYMENT_TARGET = 9.3;
				MTL_ENABLE_DEBUG_INFO = NO;
				SDKROOT = iphoneos;
				VALIDATE_PRODUCT = YES;
			};
			name = Release;
		};
		46093E471D708B4400850D37 /* Debug */ = {
			isa = XCBuildConfiguration;
			buildSettings = {
				ASSETCATALOG_COMPILER_APPICON_NAME = AppIcon;
				INFOPLIST_FILE = Marquee/Info.plist;
				IPHONEOS_DEPLOYMENT_TARGET = 8.0;
				LD_RUNPATH_SEARCH_PATHS = "$(inherited) @executable_path/Frameworks";
				PRODUCT_BUNDLE_IDENTIFIER = com.xcoffer.Marquee;
				PRODUCT_NAME = "$(TARGET_NAME)";
			};
			name = Debug;
		};
		46093E481D708B4400850D37 /* Release */ = {
			isa = XCBuildConfiguration;
			buildSettings = {
				ASSETCATALOG_COMPILER_APPICON_NAME = AppIcon;
				INFOPLIST_FILE = Marquee/Info.plist;
				IPHONEOS_DEPLOYMENT_TARGET = 8.0;
				LD_RUNPATH_SEARCH_PATHS = "$(inherited) @executable_path/Frameworks";
				PRODUCT_BUNDLE_IDENTIFIER = com.xcoffer.Marquee;
				PRODUCT_NAME = "$(TARGET_NAME)";
			};
			name = Release;
		};
/* End XCBuildConfiguration section */

/* Begin XCConfigurationList section */
		46093E2F1D708B4400850D37 /* Build configuration list for PBXProject "Marquee" */ = {
			isa = XCConfigurationList;
			buildConfigurations = (
				46093E441D708B4400850D37 /* Debug */,
				46093E451D708B4400850D37 /* Release */,
			);
			defaultConfigurationIsVisible = 0;
			defaultConfigurationName = Release;
		};
		46093E461D708B4400850D37 /* Build configuration list for PBXNativeTarget "Marquee" */ = {
			isa = XCConfigurationList;
			buildConfigurations = (
				46093E471D708B4400850D37 /* Debug */,
				46093E481D708B4400850D37 /* Release */,
			);
			defaultConfigurationIsVisible = 0;
		};
/* End XCConfigurationList section */
	};
	rootObject = 46093E2C1D708B4400850D37 /* Project object */;
}
